
Microsoft Visual Studio Solution File, Format Version 12.00
# Visual Studio Version 17
VisualStudioVersion = 17.6.33815.320
MinimumVisualStudioVersion = 10.0.40219.1
Project("{FAE04EC0-301F-11D3-BF4B-00C04F79EFBC}") = "AreaMVC", "AreaMVC.csproj", "{718C806E-7CA8-4177-AFBB-16579719798E}"
EndProject
Global
	GlobalSection(SolutionConfigurationPlatforms) = preSolution
		Debug|Any CPU = Debug|Any CPU
		Release|Any CPU = Release|Any CPU
	EndGlobalSection
	GlobalSection(ProjectConfigurationPlatforms) = postSolution
		{718C806E-7CA8-4177-AFBB-16579719798E}.Debug|Any CPU.ActiveCfg = Debug|Any CPU
		{718C806E-7CA8-4177-AFBB-16579719798E}.Debug|Any CPU.Build.0 = Debug|Any CPU
		{718C806E-7CA8-4177-AFBB-16579719798E}.Release|Any CPU.ActiveCfg = Release|Any CPU
		{718C806E-7CA8-4177-AFBB-16579719798E}.Release|Any CPU.Build.0 = Release|Any CPU
	EndGlobalSection
	GlobalSection(SolutionProperties) = preSolution
		HideSolutionNode = FALSE
	EndGlobalSection
	GlobalSection(ExtensibilityGlobals) = postSolution
		SolutionGuid = {E43B96F2-F728-45E7-B570-CC78C269F79E}
	EndGlobalSection
EndGlobal
